<?xml version="1.0" encoding="utf-8"?>
<Project ToolsVersion="4.0" xmlns="http://schemas.microsoft.com/developer/msbuild/2003">
  <ItemGroup>
    <Filter Include="Header Files">
      <UniqueIdentifier>{0483f41d-e41d-4d07-b59a-068ca83b6caf}</UniqueIdentifier>
    </Filter>
    <Filter Include="Source Files">
      <UniqueIdentifier>{cd757ff8-18b9-43c1-8d0d-c396cc87ffdd}</UniqueIdentifier>
    </Filter>
    <Filter Include="Resource Files">
      <UniqueIdentifier>{a56f73c1-dc1e-4ae2-a39f-b65ccd0653f5}</UniqueIdentifier>
    </Filter>
  </ItemGroup>
  <ItemGroup>
    <ClCompile Include="..\src\main\windows\SDL_windows_main.c">
      <Filter>Source Files</Filter>
    </ClCompile>
  </ItemGroup>
</Project>